{
	"name": "uview-ui",
	"version": "2.0.33",
	"lockfileVersion": 2,
	"requires": true,
	"packages": {
		"": {
			"version": "2.0.33",
			"dependencies": {
				"@dcloudio/unipay": "^1.0.25"
			},
			"engines": {
				"HBuilderX": "^3.1.0"
			}
		},
		"node_modules/@dcloudio/unipay": {
			"version": "1.0.25",
			"resolved": "https://registry.npmjs.org/@dcloudio/unipay/-/unipay-1.0.25.tgz",
			"integrity": "sha512-fnKd77UAToAFkPDxwOqknf7aU8be7zW0zttEUlcDbJyF+jv4NHtNYnDzzJXgjSUTlXESkbyajS1l3zahory+kg=="
		}
	},
	"dependencies": {
		"@dcloudio/unipay": {
			"version": "1.0.25",
			"resolved": "https://registry.npmjs.org/@dcloudio/unipay/-/unipay-1.0.25.tgz",
			"integrity": "sha512-fnKd77UAToAFkPDxwOqknf7aU8be7zW0zttEUlcDbJyF+jv4NHtNYnDzzJXgjSUTlXESkbyajS1l3zahory+kg=="
		}
	}
}
